
Microsoft Visual Studio Solution File, Format Version 12.00
# Visual Studio 2013
VisualStudioVersion = 12.0.30501.0
MinimumVisualStudioVersion = 10.0.40219.1
Project("{FAE04EC0-301F-11D3-BF4B-00C04F79EFBC}") = "Domain", "Domain\Domain.csproj", "{387C35F5-CAA0-4736-88EA-D2A8D4597053}"
EndProject
Project("{FAE04EC0-301F-11D3-BF4B-00C04F79EFBC}") = "WebApp", "WebApp\WebApp.csproj", "{77045BF7-F287-403D-A527-F363FE20849C}"
EndProject
Project("{2150E333-8FDC-42A3-9474-1A3956D46DE8}") = ".nuget", ".nuget", "{19517D00-12A7-4F85-B032-059858494066}"
	ProjectSection(SolutionItems) = preProject
		.nuget\NuGet.Config = .nuget\NuGet.Config
		.nuget\NuGet.exe = .nuget\NuGet.exe
		.nuget\NuGet.targets = .nuget\NuGet.targets
	EndProjectSection
EndProject
Project("{FAE04EC0-301F-11D3-BF4B-00C04F79EFBC}") = "DAL", "DAL\DAL.csproj", "{6FE5A02E-445B-4AB8-AE9A-2E9A97B30566}"
EndProject
Global
	GlobalSection(SolutionConfigurationPlatforms) = preSolution
		Debug|Any CPU = Debug|Any CPU
		Release|Any CPU = Release|Any CPU
	EndGlobalSection
	GlobalSection(ProjectConfigurationPlatforms) = postSolution
		{387C35F5-CAA0-4736-88EA-D2A8D4597053}.Debug|Any CPU.ActiveCfg = Debug|Any CPU
		{387C35F5-CAA0-4736-88EA-D2A8D4597053}.Debug|Any CPU.Build.0 = Debug|Any CPU
		{387C35F5-CAA0-4736-88EA-D2A8D4597053}.Release|Any CPU.ActiveCfg = Release|Any CPU
		{387C35F5-CAA0-4736-88EA-D2A8D4597053}.Release|Any CPU.Build.0 = Release|Any CPU
		{77045BF7-F287-403D-A527-F363FE20849C}.Debug|Any CPU.ActiveCfg = Debug|Any CPU
		{77045BF7-F287-403D-A527-F363FE20849C}.Debug|Any CPU.Build.0 = Debug|Any CPU
		{77045BF7-F287-403D-A527-F363FE20849C}.Release|Any CPU.ActiveCfg = Release|Any CPU
		{77045BF7-F287-403D-A527-F363FE20849C}.Release|Any CPU.Build.0 = Release|Any CPU
		{6FE5A02E-445B-4AB8-AE9A-2E9A97B30566}.Debug|Any CPU.ActiveCfg = Debug|Any CPU
		{6FE5A02E-445B-4AB8-AE9A-2E9A97B30566}.Debug|Any CPU.Build.0 = Debug|Any CPU
		{6FE5A02E-445B-4AB8-AE9A-2E9A97B30566}.Release|Any CPU.ActiveCfg = Release|Any CPU
		{6FE5A02E-445B-4AB8-AE9A-2E9A97B30566}.Release|Any CPU.Build.0 = Release|Any CPU
	EndGlobalSection
	GlobalSection(SolutionProperties) = preSolution
		HideSolutionNode = FALSE
	EndGlobalSection
EndGlobal
